#MicroXplorer Configuration settings - do not modify
Mcu.Family=STM32L4
ProjectManager.MainLocation=Core/Src
RCC.USART1Freq_Value=16000000
RCC.SAI1Freq_Value=18285714.285714287
RCC.CortexFreq_Value=16000000
NVIC.I2C1_EV_IRQn=true\:0\:0\:false\:false\:true\:true\:true
I2C1.I2C_Speed_Mode=I2C_Standard
ProjectManager.KeepUserCode=true
Mcu.UserName=STM32L452RETx
TIM1.IPParameters=CounterMode,Period,Prescaler,TIM_MasterSlaveMode,TIM_MasterOutputTrigger,TIM_MasterOutputTrigger2
RCC.PLLSAI1RoutputFreq_Value=64000000
PA12.GPIOParameters=GPIO_PuPd,GPIO_Label
ProjectManager.functionlistsort=1-MX_GPIO_Init-GPIO-false-HAL-true,2-SystemClock_Config-RCC-false-HAL-false,3-MX_TIM1_Init-TIM1-false-HAL-true,4-MX_TIM2_Init-TIM2-false-HAL-true,5-MX_TIM3_Init-TIM3-false-HAL-true,6-MX_USART1_UART_Init-USART1-false-HAL-true,7-MX_I2C1_Init-I2C1-false-HAL-true
PA11.GPIOParameters=GPIO_PuPd,GPIO_Label
RCC.USART2Freq_Value=16000000
PA11.GPIO_PuPd=GPIO_PULLDOWN
USART1.IPParameters=VirtualMode-Asynchronous
PC13.GPIO_Label=BUT
PinOutPanel.RotationAngle=0
RCC.MCO1PinFreq_Value=8000000
RCC.SYSCLKSource=RCC_SYSCLKSOURCE_HSI
ProjectManager.StackSize=0x400
VP_TIM2_VS_ClockSourceITR.Mode=TriggerSource_ITR0
RCC.LPTIM1Freq_Value=16000000
RCC.I2C3Freq_Value=16000000
Mcu.IP4=TIM1
RCC.FCLKCortexFreq_Value=16000000
Mcu.IP5=TIM2
I2C1.IPParameters=I2C_Speed_Mode,NoStretchMode,Timing,Analog_Filter
NVIC.SVCall_IRQn=true\:0\:0\:false\:false\:true\:false\:false
Mcu.IP2=RCC
Mcu.IP3=SYS
Mcu.IP0=I2C1
PA12.Locked=true
PA14\ (JTCK/SWCLK).Signal=SYS_JTCK-SWCLK
Mcu.IP1=NVIC
PA12.Signal=GPIO_Input
TIM1.Prescaler=1600-1
Mcu.UserConstants=
RCC.VCOSAI1OutputFreq_Value=128000000
RCC.SDMMCFreq_Value=64000000
Mcu.ThirdPartyNb=0
RCC.HCLKFreq_Value=16000000
RCC.I2C4Freq_Value=16000000
Mcu.IPNb=8
TIM2.IPParameters=Period,TIM_MasterOutputTrigger,Prescaler,CounterMode,TIM_MasterSlaveMode
ProjectManager.PreviousToolchain=
RCC.APB2TimFreq_Value=16000000
Mcu.Pin6=PA11
Mcu.Pin7=PA12
VP_TIM3_VS_ControllerModeClock.Mode=Clock Mode
Mcu.Pin8=PA13 (JTMS/SWDIO)
Mcu.Pin9=PA14 (JTCK/SWCLK)
VP_TIM3_VS_ClockSourceITR.Signal=TIM3_VS_ClockSourceITR
RCC.AHBFreq_Value=16000000
Mcu.Pin0=PC13
Mcu.Pin1=PA0
GPIO.groupedBy=Group By Peripherals
Mcu.Pin2=PA5
Mcu.Pin3=PA8
RCC.USART3Freq_Value=16000000
Mcu.Pin4=PA9
Mcu.Pin5=PA10
ProjectManager.ProjectBuild=false
RCC.HSE_VALUE=8000000
NVIC.UsageFault_IRQn=true\:0\:0\:false\:false\:true\:false\:false
PA0.Locked=true
NVIC.DebugMonitor_IRQn=true\:0\:0\:false\:false\:true\:false\:false
NVIC.SysTick_IRQn=true\:0\:0\:false\:false\:true\:false\:true
RCC.RCC_MCO1Source=RCC_MCO1SOURCE_HSI
ProjectManager.FirmwarePackage=STM32Cube FW_L4 V1.17.0
MxDb.Version=DB.6.0.20
I2C1.NoStretchMode=I2C_NOSTRETCH_DISABLE
ProjectManager.BackupPrevious=false
RCC.VCOInputFreq_Value=16000000
File.Version=6
PB8.Locked=true
PA8.Signal=RCC_MCO
PA14\ (JTCK/SWCLK).Mode=Serial_Wire
RCC.PLLRCLKFreq_Value=320000000
NVIC.PendSV_IRQn=true\:0\:0\:false\:false\:true\:false\:false
VP_TIM3_VS_ClockSourceITR.Mode=TriggerSource_ITR1
ProjectManager.HalAssertFull=false
VP_TIM1_VS_ClockSourceINT.Mode=Internal
ProjectManager.ProjectName=L452RE_AgroStp
PA0.Signal=S_TIM2_ETR
VP_TIM3_VS_ControllerModeClock.Signal=TIM3_VS_ControllerModeClock
Mcu.Package=LQFP64
PB9.Signal=I2C1_SDA
TIM2.Prescaler=0
PA5.Locked=true
ProjectManager.ToolChainLocation=
RCC.LSI_VALUE=32000
VP_SYS_VS_Systick.Signal=SYS_VS_Systick
RCC.LSCOPinFreq_Value=32000
PA10.Signal=USART1_RX
RCC.DFSDMFreq_Value=16000000
PA5.GPIOParameters=GPIO_Label
TIM2.TIM_MasterOutputTrigger=TIM_TRGO_UPDATE
RCC.PLLPoutputFreq_Value=91428571.42857143
RCC.APB1TimFreq_Value=16000000
NVIC.BusFault_IRQn=true\:0\:0\:false\:false\:true\:false\:false
RCC.LPUART1Freq_Value=16000000
TIM1.Period=10000-1
PA12.GPIO_PuPd=GPIO_PULLDOWN
ProjectManager.CustomerFirmwarePackage=
RCC.HSI48_VALUE=48000000
RCC.MSI_VALUE=4000000
RCC.PLLSourceVirtual=RCC_PLLSOURCE_HSI
RCC.PLLQoutputFreq_Value=320000000
ProjectManager.ProjectFileName=L452RE_AgroStp.ioc
PA13\ (JTMS/SWDIO).Mode=Serial_Wire
TIM2.CounterMode=TIM_COUNTERMODE_UP
PA10.Mode=Asynchronous
Mcu.PinsNb=18
ProjectManager.NoMain=false
PC13.Locked=true
TIM1.CounterMode=TIM_COUNTERMODE_DOWN
PC13.Signal=GPIO_Input
RCC.I2C1CLockSelection=RCC_I2C1CLKSOURCE_HSI
SH.S_TIM2_ETR.ConfNb=1
PA11.GPIO_Label=I2C_ADDR_MIDDLE
ProjectManager.DefaultFWLocation=true
ProjectManager.DeletePrevious=true
PA12.GPIO_Label=I2C_ADDR_LOWER
I2C1.Analog_Filter=I2C_ANALOGFILTER_DISABLE
RCC.FamilyName=M
USART1.VirtualMode-Asynchronous=VM_ASYNC
PA11.Locked=true
PA9.Mode=Asynchronous
ProjectManager.TargetToolchain=STM32CubeIDE
PB9.Mode=I2C
PA9.Signal=USART1_TX
VP_TIM1_VS_ClockSourceINT.Signal=TIM1_VS_ClockSourceINT
I2C1.Timing=0x00303D5D
PB9.Locked=true
VP_TIM2_VS_ClockSourceITR.Signal=TIM2_VS_ClockSourceITR
ProjectManager.RegisterCallBack=
RCC.USBFreq_Value=64000000
RCC.LSE_VALUE=32768
RCC.PLLSAI1PoutputFreq_Value=18285714.285714287
PA5.Signal=GPIO_Output
board=custom
RCC.VCOOutputFreq_Value=640000000
ProjectManager.LastFirmware=true
TIM1.TIM_MasterOutputTrigger=TIM_TRGO_ENABLE
RCC.APB2Freq_Value=16000000
RCC.UART4Freq_Value=16000000
MxCube.Version=6.2.0
RCC.I2C1Freq_Value=16000000
PC13.GPIOParameters=GPIO_Label
RCC.RNGFreq_Value=64000000
RCC.PLLSAI1QoutputFreq_Value=64000000
RCC.ADCFreq_Value=64000000
VP_SYS_VS_Systick.Mode=SysTick
NVIC.NonMaskableInt_IRQn=true\:0\:0\:false\:false\:true\:false\:false
TIM2.Period=65535
ProjectManager.FreePins=false
RCC.IPParameters=ADCFreq_Value,AHBFreq_Value,APB1Freq_Value,APB1TimFreq_Value,APB2Freq_Value,APB2TimFreq_Value,CortexFreq_Value,DFSDMFreq_Value,FCLKCortexFreq_Value,FamilyName,HCLKFreq_Value,HSE_VALUE,HSI48_VALUE,HSI_VALUE,I2C1CLockSelection,I2C1Freq_Value,I2C2Freq_Value,I2C3Freq_Value,I2C4Freq_Value,LPTIM1Freq_Value,LPTIM2Freq_Value,LPUART1Freq_Value,LSCOPinFreq_Value,LSE_VALUE,LSI_VALUE,MCO1PinFreq_Value,MSI_VALUE,PLLN,PLLPoutputFreq_Value,PLLQoutputFreq_Value,PLLRCLKFreq_Value,PLLSAI1PoutputFreq_Value,PLLSAI1QoutputFreq_Value,PLLSAI1RoutputFreq_Value,PLLSourceVirtual,PWRFreq_Value,RCC_MCO1Source,RCC_MCODiv,RNGFreq_Value,SAI1Freq_Value,SDMMCFreq_Value,SYSCLKFreq_VALUE,SYSCLKSource,UART4Freq_Value,USART1CLockSelection,USART1Freq_Value,USART2Freq_Value,USART3Freq_Value,USBFreq_Value,VCOInputFreq_Value,VCOOutputFreq_Value,VCOSAI1OutputFreq_Value
ProjectManager.AskForMigrate=true
Mcu.Name=STM32L452R(C-E)Tx
RCC.LPTIM2Freq_Value=16000000
RCC.RCC_MCODiv=RCC_MCODIV_2
ProjectManager.UnderRoot=true
Mcu.IP6=TIM3
Mcu.IP7=USART1
ProjectManager.CoupleFile=true
RCC.SYSCLKFreq_VALUE=16000000
TIM1.TIM_MasterOutputTrigger2=TIM_TRGO2_ENABLE
SH.S_TIM2_ETR.0=TIM2_ETR,ClockSourceETR_Mode2
RCC.USART1CLockSelection=RCC_USART1CLKSOURCE_HSI
PA5.GPIO_Label=LED
NVIC.ForceEnableDMAVector=true
KeepUserPlacement=false
NVIC.MemoryManagement_IRQn=true\:0\:0\:false\:false\:true\:false\:false
ProjectManager.CompilerOptimize=6
PA11.Signal=GPIO_Input
ProjectManager.HeapSize=0x200
Mcu.Pin15=VP_TIM2_VS_ClockSourceITR
NVIC.HardFault_IRQn=true\:0\:0\:false\:false\:true\:false\:false
Mcu.Pin16=VP_TIM3_VS_ControllerModeClock
Mcu.Pin13=VP_TIM1_VS_ClockSourceINT
Mcu.Pin14=VP_TIM2_VS_ControllerModeGated
ProjectManager.ComputerToolchain=false
Mcu.Pin17=VP_TIM3_VS_ClockSourceITR
RCC.HSI_VALUE=16000000
NVIC.TIM1_UP_TIM16_IRQn=true\:0\:0\:false\:false\:true\:true\:true
NVIC.PriorityGroup=NVIC_PRIORITYGROUP_4
Mcu.Pin11=PB9
Mcu.Pin12=VP_SYS_VS_Systick
RCC.PLLN=40
PB8.Mode=I2C
Mcu.Pin10=PB8
TIM2.TIM_MasterSlaveMode=TIM_MASTERSLAVEMODE_DISABLE
PB8.Signal=I2C1_SCL
RCC.PWRFreq_Value=16000000
PA8.Mode=Clock-out
VP_TIM2_VS_ControllerModeGated.Mode=Gated Mode
RCC.I2C2Freq_Value=16000000
RCC.APB1Freq_Value=16000000
VP_TIM2_VS_ControllerModeGated.Signal=TIM2_VS_ControllerModeGated
ProjectManager.DeviceId=STM32L452RETx
ProjectManager.LibraryCopy=1
TIM1.TIM_MasterSlaveMode=TIM_MASTERSLAVEMODE_ENABLE
PA13\ (JTMS/SWDIO).Signal=SYS_JTMS-SWDIO
isbadioc=false
